
Microsoft Visual Studio Solution File, Format Version 12.00
# Visual Studio Version 17
VisualStudioVersion = 17.0.32126.317
MinimumVisualStudioVersion = 10.0.40219.1
Project("{FAE04EC0-301F-11D3-BF4B-00C04F79EFBC}") = "AluguelImovel", "AluguelImovel\AluguelImovel.csproj", "{9B74CD30-F05E-4F33-9377-706942FAC81E}"
EndProject
Global
	GlobalSection(SolutionConfigurationPlatforms) = preSolution
		Debug|Any CPU = Debug|Any CPU
		Release|Any CPU = Release|Any CPU
	EndGlobalSection
	GlobalSection(ProjectConfigurationPlatforms) = postSolution
		{9B74CD30-F05E-4F33-9377-706942FAC81E}.Debug|Any CPU.ActiveCfg = Debug|Any CPU
		{9B74CD30-F05E-4F33-9377-706942FAC81E}.Debug|Any CPU.Build.0 = Debug|Any CPU
		{9B74CD30-F05E-4F33-9377-706942FAC81E}.Release|Any CPU.ActiveCfg = Release|Any CPU
		{9B74CD30-F05E-4F33-9377-706942FAC81E}.Release|Any CPU.Build.0 = Release|Any CPU
	EndGlobalSection
	GlobalSection(SolutionProperties) = preSolution
		HideSolutionNode = FALSE
	EndGlobalSection
	GlobalSection(ExtensibilityGlobals) = postSolution
		SolutionGuid = {1728FB91-9640-49E2-BBA6-977AF9085175}
	EndGlobalSection
EndGlobal
